
Microsoft Visual Studio Solution File, Format Version 12.00
# Visual Studio 15
VisualStudioVersion = 15.0.27004.2009
MinimumVisualStudioVersion = 10.0.40219.1
Project("{FAE04EC0-301F-11D3-BF4B-00C04F79EFBC}") = "SoundByte.UWP", "SoundByte.UWP\SoundByte.UWP.csproj", "{52B496EF-B47C-4A78-A1CF-AF86DFF078AE}"
EndProject
Project("{9A19103F-16F7-4668-BE54-9A1E7A4F7556}") = "SoundByte.Core", "SoundByte.Core\SoundByte.Core.csproj", "{F01E8BB9-FE3E-480A-9702-29D54764D00F}"
EndProject
Project("{FAE04EC0-301F-11D3-BF4B-00C04F79EFBC}") = "SoundByte.MacOS", "SoundByte.MacOS\SoundByte.MacOS.csproj", "{B93EE082-85F1-4634-9025-DFD6B9F04EE5}"
EndProject
Project("{FAE04EC0-301F-11D3-BF4B-00C04F79EFBC}") = "SoundByte.Android", "SoundByte.Android\SoundByte.Android.csproj", "{D4FFBB62-D8F7-4CB2-BBF3-597A0A6326E4}"
EndProject
Project("{FAE04EC0-301F-11D3-BF4B-00C04F79EFBC}") = "SoundByte.iOS", "SoundByte.iOS\SoundByte.iOS.csproj", "{D370F640-05F5-4828-8A32-9720F3DCCAC6}"
EndProject
Global
	GlobalSection(SolutionConfigurationPlatforms) = preSolution
		Ad-Hoc|Any CPU = Ad-Hoc|Any CPU
		Ad-Hoc|ARM = Ad-Hoc|ARM
		Ad-Hoc|iPhone = Ad-Hoc|iPhone
		Ad-Hoc|iPhoneSimulator = Ad-Hoc|iPhoneSimulator
		Ad-Hoc|x64 = Ad-Hoc|x64
		Ad-Hoc|x86 = Ad-Hoc|x86
		AppStore|Any CPU = AppStore|Any CPU
		AppStore|ARM = AppStore|ARM
		AppStore|iPhone = AppStore|iPhone
		AppStore|iPhoneSimulator = AppStore|iPhoneSimulator
		AppStore|x64 = AppStore|x64
		AppStore|x86 = AppStore|x86
		Debug|Any CPU = Debug|Any CPU
		Debug|ARM = Debug|ARM
		Debug|iPhone = Debug|iPhone
		Debug|iPhoneSimulator = Debug|iPhoneSimulator
		Debug|x64 = Debug|x64
		Debug|x86 = Debug|x86
		Release|Any CPU = Release|Any CPU
		Release|ARM = Release|ARM
		Release|iPhone = Release|iPhone
		Release|iPhoneSimulator = Release|iPhoneSimulator
		Release|x64 = Release|x64
		Release|x86 = Release|x86
	EndGlobalSection
	GlobalSection(ProjectConfigurationPlatforms) = postSolution
		{52B496EF-B47C-4A78-A1CF-AF86DFF078AE}.Ad-Hoc|Any CPU.ActiveCfg = Release|x64
		{52B496EF-B47C-4A78-A1CF-AF86DFF078AE}.Ad-Hoc|Any CPU.Build.0 = Release|x64
		{52B496EF-B47C-4A78-A1CF-AF86DFF078AE}.Ad-Hoc|Any CPU.Deploy.0 = Release|x64
		{52B496EF-B47C-4A78-A1CF-AF86DFF078AE}.Ad-Hoc|ARM.ActiveCfg = Release|ARM
		{52B496EF-B47C-4A78-A1CF-AF86DFF078AE}.Ad-Hoc|ARM.Build.0 = Release|ARM
		{52B496EF-B47C-4A78-A1CF-AF86DFF078AE}.Ad-Hoc|ARM.Deploy.0 = Release|ARM
		{52B496EF-B47C-4A78-A1CF-AF86DFF078AE}.Ad-Hoc|iPhone.ActiveCfg = Release|x64
		{52B496EF-B47C-4A78-A1CF-AF86DFF078AE}.Ad-Hoc|iPhone.Build.0 = Release|x64
		{52B496EF-B47C-4A78-A1CF-AF86DFF078AE}.Ad-Hoc|iPhone.Deploy.0 = Release|x64
		{52B496EF-B47C-4A78-A1CF-AF86DFF078AE}.Ad-Hoc|iPhoneSimulator.ActiveCfg = Release|x64
		{52B496EF-B47C-4A78-A1CF-AF86DFF078AE}.Ad-Hoc|iPhoneSimulator.Build.0 = Release|x64
		{52B496EF-B47C-4A78-A1CF-AF86DFF078AE}.Ad-Hoc|iPhoneSimulator.Deploy.0 = Release|x64
		{52B496EF-B47C-4A78-A1CF-AF86DFF078AE}.Ad-Hoc|x64.ActiveCfg = Release|x64
		{52B496EF-B47C-4A78-A1CF-AF86DFF078AE}.Ad-Hoc|x64.Build.0 = Release|x64
		{52B496EF-B47C-4A78-A1CF-AF86DFF078AE}.Ad-Hoc|x64.Deploy.0 = Release|x64
		{52B496EF-B47C-4A78-A1CF-AF86DFF078AE}.Ad-Hoc|x86.ActiveCfg = Release|x86
		{52B496EF-B47C-4A78-A1CF-AF86DFF078AE}.Ad-Hoc|x86.Build.0 = Release|x86
		{52B496EF-B47C-4A78-A1CF-AF86DFF078AE}.Ad-Hoc|x86.Deploy.0 = Release|x86
		{52B496EF-B47C-4A78-A1CF-AF86DFF078AE}.AppStore|Any CPU.ActiveCfg = Release|x64
		{52B496EF-B47C-4A78-A1CF-AF86DFF078AE}.AppStore|Any CPU.Build.0 = Release|x64
		{52B496EF-B47C-4A78-A1CF-AF86DFF078AE}.AppStore|Any CPU.Deploy.0 = Release|x64
		{52B496EF-B47C-4A78-A1CF-AF86DFF078AE}.AppStore|ARM.ActiveCfg = Release|ARM
		{52B496EF-B47C-4A78-A1CF-AF86DFF078AE}.AppStore|ARM.Build.0 = Release|ARM
		{52B496EF-B47C-4A78-A1CF-AF86DFF078AE}.AppStore|ARM.Deploy.0 = Release|ARM
		{52B496EF-B47C-4A78-A1CF-AF86DFF078AE}.AppStore|iPhone.ActiveCfg = Release|x64
		{52B496EF-B47C-4A78-A1CF-AF86DFF078AE}.AppStore|iPhone.Build.0 = Release|x64
		{52B496EF-B47C-4A78-A1CF-AF86DFF078AE}.AppStore|iPhone.Deploy.0 = Release|x64
		{52B496EF-B47C-4A78-A1CF-AF86DFF078AE}.AppStore|iPhoneSimulator.ActiveCfg = Release|x64
		{52B496EF-B47C-4A78-A1CF-AF86DFF078AE}.AppStore|iPhoneSimulator.Build.0 = Release|x64
		{52B496EF-B47C-4A78-A1CF-AF86DFF078AE}.AppStore|iPhoneSimulator.Deploy.0 = Release|x64
		{52B496EF-B47C-4A78-A1CF-AF86DFF078AE}.AppStore|x64.ActiveCfg = Release|x64
		{52B496EF-B47C-4A78-A1CF-AF86DFF078AE}.AppStore|x64.Build.0 = Release|x64
		{52B496EF-B47C-4A78-A1CF-AF86DFF078AE}.AppStore|x64.Deploy.0 = Release|x64
		{52B496EF-B47C-4A78-A1CF-AF86DFF078AE}.AppStore|x86.ActiveCfg = Release|x86
		{52B496EF-B47C-4A78-A1CF-AF86DFF078AE}.AppStore|x86.Build.0 = Release|x86
		{52B496EF-B47C-4A78-A1CF-AF86DFF078AE}.AppStore|x86.Deploy.0 = Release|x86
		{52B496EF-B47C-4A78-A1CF-AF86DFF078AE}.Debug|Any CPU.ActiveCfg = Debug|x86
		{52B496EF-B47C-4A78-A1CF-AF86DFF078AE}.Debug|ARM.ActiveCfg = Debug|ARM
		{52B496EF-B47C-4A78-A1CF-AF86DFF078AE}.Debug|ARM.Build.0 = Debug|ARM
		{52B496EF-B47C-4A78-A1CF-AF86DFF078AE}.Debug|ARM.Deploy.0 = Debug|ARM
		{52B496EF-B47C-4A78-A1CF-AF86DFF078AE}.Debug|iPhone.ActiveCfg = Debug|x86
		{52B496EF-B47C-4A78-A1CF-AF86DFF078AE}.Debug|iPhoneSimulator.ActiveCfg = Debug|x86
		{52B496EF-B47C-4A78-A1CF-AF86DFF078AE}.Debug|x64.ActiveCfg = Debug|x64
		{52B496EF-B47C-4A78-A1CF-AF86DFF078AE}.Debug|x64.Build.0 = Debug|x64
		{52B496EF-B47C-4A78-A1CF-AF86DFF078AE}.Debug|x64.Deploy.0 = Debug|x64
		{52B496EF-B47C-4A78-A1CF-AF86DFF078AE}.Debug|x86.ActiveCfg = Debug|x86
		{52B496EF-B47C-4A78-A1CF-AF86DFF078AE}.Debug|x86.Build.0 = Debug|x86
		{52B496EF-B47C-4A78-A1CF-AF86DFF078AE}.Debug|x86.Deploy.0 = Debug|x86
		{52B496EF-B47C-4A78-A1CF-AF86DFF078AE}.Release|Any CPU.ActiveCfg = Release|x86
		{52B496EF-B47C-4A78-A1CF-AF86DFF078AE}.Release|ARM.ActiveCfg = Release|ARM
		{52B496EF-B47C-4A78-A1CF-AF86DFF078AE}.Release|ARM.Build.0 = Release|ARM
		{52B496EF-B47C-4A78-A1CF-AF86DFF078AE}.Release|ARM.Deploy.0 = Release|ARM
		{52B496EF-B47C-4A78-A1CF-AF86DFF078AE}.Release|iPhone.ActiveCfg = Release|x86
		{52B496EF-B47C-4A78-A1CF-AF86DFF078AE}.Release|iPhoneSimulator.ActiveCfg = Release|x86
		{52B496EF-B47C-4A78-A1CF-AF86DFF078AE}.Release|x64.ActiveCfg = Release|x64
		{52B496EF-B47C-4A78-A1CF-AF86DFF078AE}.Release|x64.Build.0 = Release|x64
		{52B496EF-B47C-4A78-A1CF-AF86DFF078AE}.Release|x64.Deploy.0 = Release|x64
		{52B496EF-B47C-4A78-A1CF-AF86DFF078AE}.Release|x86.ActiveCfg = Release|x86
		{52B496EF-B47C-4A78-A1CF-AF86DFF078AE}.Release|x86.Build.0 = Release|x86
		{52B496EF-B47C-4A78-A1CF-AF86DFF078AE}.Release|x86.Deploy.0 = Release|x86
		{F01E8BB9-FE3E-480A-9702-29D54764D00F}.Ad-Hoc|Any CPU.ActiveCfg = Release|Any CPU
		{F01E8BB9-FE3E-480A-9702-29D54764D00F}.Ad-Hoc|Any CPU.Build.0 = Release|Any CPU
		{F01E8BB9-FE3E-480A-9702-29D54764D00F}.Ad-Hoc|ARM.ActiveCfg = Release|Any CPU
		{F01E8BB9-FE3E-480A-9702-29D54764D00F}.Ad-Hoc|ARM.Build.0 = Release|Any CPU
		{F01E8BB9-FE3E-480A-9702-29D54764D00F}.Ad-Hoc|iPhone.ActiveCfg = Release|Any CPU
		{F01E8BB9-FE3E-480A-9702-29D54764D00F}.Ad-Hoc|iPhone.Build.0 = Release|Any CPU
		{F01E8BB9-FE3E-480A-9702-29D54764D00F}.Ad-Hoc|iPhoneSimulator.ActiveCfg = Release|Any CPU
		{F01E8BB9-FE3E-480A-9702-29D54764D00F}.Ad-Hoc|iPhoneSimulator.Build.0 = Release|Any CPU
		{F01E8BB9-FE3E-480A-9702-29D54764D00F}.Ad-Hoc|x64.ActiveCfg = Release|Any CPU
		{F01E8BB9-FE3E-480A-9702-29D54764D00F}.Ad-Hoc|x64.Build.0 = Release|Any CPU
		{F01E8BB9-FE3E-480A-9702-29D54764D00F}.Ad-Hoc|x86.ActiveCfg = Release|Any CPU
		{F01E8BB9-FE3E-480A-9702-29D54764D00F}.Ad-Hoc|x86.Build.0 = Release|Any CPU
		{F01E8BB9-FE3E-480A-9702-29D54764D00F}.AppStore|Any CPU.ActiveCfg = Release|Any CPU
		{F01E8BB9-FE3E-480A-9702-29D54764D00F}.AppStore|Any CPU.Build.0 = Release|Any CPU
		{F01E8BB9-FE3E-480A-9702-29D54764D00F}.AppStore|ARM.ActiveCfg = Release|Any CPU
		{F01E8BB9-FE3E-480A-9702-29D54764D00F}.AppStore|ARM.Build.0 = Release|Any CPU
		{F01E8BB9-FE3E-480A-9702-29D54764D00F}.AppStore|iPhone.ActiveCfg = Release|Any CPU
		{F01E8BB9-FE3E-480A-9702-29D54764D00F}.AppStore|iPhone.Build.0 = Release|Any CPU
		{F01E8BB9-FE3E-480A-9702-29D54764D00F}.AppStore|iPhoneSimulator.ActiveCfg = Release|Any CPU
		{F01E8BB9-FE3E-480A-9702-29D54764D00F}.AppStore|iPhoneSimulator.Build.0 = Release|Any CPU
		{F01E8BB9-FE3E-480A-9702-29D54764D00F}.AppStore|x64.ActiveCfg = Release|Any CPU
		{F01E8BB9-FE3E-480A-9702-29D54764D00F}.AppStore|x64.Build.0 = Release|Any CPU
		{F01E8BB9-FE3E-480A-9702-29D54764D00F}.AppStore|x86.ActiveCfg = Release|Any CPU
		{F01E8BB9-FE3E-480A-9702-29D54764D00F}.AppStore|x86.Build.0 = Release|Any CPU
		{F01E8BB9-FE3E-480A-9702-29D54764D00F}.Debug|Any CPU.ActiveCfg = Debug|Any CPU
		{F01E8BB9-FE3E-480A-9702-29D54764D00F}.Debug|Any CPU.Build.0 = Debug|Any CPU
		{F01E8BB9-FE3E-480A-9702-29D54764D00F}.Debug|ARM.ActiveCfg = Debug|Any CPU
		{F01E8BB9-FE3E-480A-9702-29D54764D00F}.Debug|ARM.Build.0 = Debug|Any CPU
		{F01E8BB9-FE3E-480A-9702-29D54764D00F}.Debug|iPhone.ActiveCfg = Debug|Any CPU
		{F01E8BB9-FE3E-480A-9702-29D54764D00F}.Debug|iPhone.Build.0 = Debug|Any CPU
		{F01E8BB9-FE3E-480A-9702-29D54764D00F}.Debug|iPhoneSimulator.ActiveCfg = Debug|Any CPU
		{F01E8BB9-FE3E-480A-9702-29D54764D00F}.Debug|iPhoneSimulator.Build.0 = Debug|Any CPU
		{F01E8BB9-FE3E-480A-9702-29D54764D00F}.Debug|x64.ActiveCfg = Debug|Any CPU
		{F01E8BB9-FE3E-480A-9702-29D54764D00F}.Debug|x64.Build.0 = Debug|Any CPU
		{F01E8BB9-FE3E-480A-9702-29D54764D00F}.Debug|x86.ActiveCfg = Debug|Any CPU
		{F01E8BB9-FE3E-480A-9702-29D54764D00F}.Debug|x86.Build.0 = Debug|Any CPU
		{F01E8BB9-FE3E-480A-9702-29D54764D00F}.Release|Any CPU.ActiveCfg = Release|Any CPU
		{F01E8BB9-FE3E-480A-9702-29D54764D00F}.Release|Any CPU.Build.0 = Release|Any CPU
		{F01E8BB9-FE3E-480A-9702-29D54764D00F}.Release|ARM.ActiveCfg = Release|Any CPU
		{F01E8BB9-FE3E-480A-9702-29D54764D00F}.Release|ARM.Build.0 = Release|Any CPU
		{F01E8BB9-FE3E-480A-9702-29D54764D00F}.Release|iPhone.ActiveCfg = Release|Any CPU
		{F01E8BB9-FE3E-480A-9702-29D54764D00F}.Release|iPhone.Build.0 = Release|Any CPU
		{F01E8BB9-FE3E-480A-9702-29D54764D00F}.Release|iPhoneSimulator.ActiveCfg = Release|Any CPU
		{F01E8BB9-FE3E-480A-9702-29D54764D00F}.Release|iPhoneSimulator.Build.0 = Release|Any CPU
		{F01E8BB9-FE3E-480A-9702-29D54764D00F}.Release|x64.ActiveCfg = Release|Any CPU
		{F01E8BB9-FE3E-480A-9702-29D54764D00F}.Release|x64.Build.0 = Release|Any CPU
		{F01E8BB9-FE3E-480A-9702-29D54764D00F}.Release|x86.ActiveCfg = Release|Any CPU
		{F01E8BB9-FE3E-480A-9702-29D54764D00F}.Release|x86.Build.0 = Release|Any CPU
		{B93EE082-85F1-4634-9025-DFD6B9F04EE5}.Ad-Hoc|Any CPU.ActiveCfg = Release|Any CPU
		{B93EE082-85F1-4634-9025-DFD6B9F04EE5}.Ad-Hoc|Any CPU.Build.0 = Release|Any CPU
		{B93EE082-85F1-4634-9025-DFD6B9F04EE5}.Ad-Hoc|ARM.ActiveCfg = Release|Any CPU
		{B93EE082-85F1-4634-9025-DFD6B9F04EE5}.Ad-Hoc|ARM.Build.0 = Release|Any CPU
		{B93EE082-85F1-4634-9025-DFD6B9F04EE5}.Ad-Hoc|iPhone.ActiveCfg = Release|Any CPU
		{B93EE082-85F1-4634-9025-DFD6B9F04EE5}.Ad-Hoc|iPhone.Build.0 = Release|Any CPU
		{B93EE082-85F1-4634-9025-DFD6B9F04EE5}.Ad-Hoc|iPhoneSimulator.ActiveCfg = Release|Any CPU
		{B93EE082-85F1-4634-9025-DFD6B9F04EE5}.Ad-Hoc|iPhoneSimulator.Build.0 = Release|Any CPU
		{B93EE082-85F1-4634-9025-DFD6B9F04EE5}.Ad-Hoc|x64.ActiveCfg = Release|Any CPU
		{B93EE082-85F1-4634-9025-DFD6B9F04EE5}.Ad-Hoc|x64.Build.0 = Release|Any CPU
		{B93EE082-85F1-4634-9025-DFD6B9F04EE5}.Ad-Hoc|x86.ActiveCfg = Release|Any CPU
		{B93EE082-85F1-4634-9025-DFD6B9F04EE5}.Ad-Hoc|x86.Build.0 = Release|Any CPU
		{B93EE082-85F1-4634-9025-DFD6B9F04EE5}.AppStore|Any CPU.ActiveCfg = Release|Any CPU
		{B93EE082-85F1-4634-9025-DFD6B9F04EE5}.AppStore|Any CPU.Build.0 = Release|Any CPU
		{B93EE082-85F1-4634-9025-DFD6B9F04EE5}.AppStore|ARM.ActiveCfg = Release|Any CPU
		{B93EE082-85F1-4634-9025-DFD6B9F04EE5}.AppStore|ARM.Build.0 = Release|Any CPU
		{B93EE082-85F1-4634-9025-DFD6B9F04EE5}.AppStore|iPhone.ActiveCfg = Release|Any CPU
		{B93EE082-85F1-4634-9025-DFD6B9F04EE5}.AppStore|iPhone.Build.0 = Release|Any CPU
		{B93EE082-85F1-4634-9025-DFD6B9F04EE5}.AppStore|iPhoneSimulator.ActiveCfg = Release|Any CPU
		{B93EE082-85F1-4634-9025-DFD6B9F04EE5}.AppStore|iPhoneSimulator.Build.0 = Release|Any CPU
		{B93EE082-85F1-4634-9025-DFD6B9F04EE5}.AppStore|x64.ActiveCfg = Release|Any CPU
		{B93EE082-85F1-4634-9025-DFD6B9F04EE5}.AppStore|x64.Build.0 = Release|Any CPU
		{B93EE082-85F1-4634-9025-DFD6B9F04EE5}.AppStore|x86.ActiveCfg = Release|Any CPU
		{B93EE082-85F1-4634-9025-DFD6B9F04EE5}.AppStore|x86.Build.0 = Release|Any CPU
		{B93EE082-85F1-4634-9025-DFD6B9F04EE5}.Debug|Any CPU.ActiveCfg = Debug|Any CPU
		{B93EE082-85F1-4634-9025-DFD6B9F04EE5}.Debug|Any CPU.Build.0 = Debug|Any CPU
		{B93EE082-85F1-4634-9025-DFD6B9F04EE5}.Debug|ARM.ActiveCfg = Debug|Any CPU
		{B93EE082-85F1-4634-9025-DFD6B9F04EE5}.Debug|ARM.Build.0 = Debug|Any CPU
		{B93EE082-85F1-4634-9025-DFD6B9F04EE5}.Debug|iPhone.ActiveCfg = Debug|Any CPU
		{B93EE082-85F1-4634-9025-DFD6B9F04EE5}.Debug|iPhone.Build.0 = Debug|Any CPU
		{B93EE082-85F1-4634-9025-DFD6B9F04EE5}.Debug|iPhoneSimulator.ActiveCfg = Debug|Any CPU
		{B93EE082-85F1-4634-9025-DFD6B9F04EE5}.Debug|iPhoneSimulator.Build.0 = Debug|Any CPU
		{B93EE082-85F1-4634-9025-DFD6B9F04EE5}.Debug|x64.ActiveCfg = Debug|Any CPU
		{B93EE082-85F1-4634-9025-DFD6B9F04EE5}.Debug|x64.Build.0 = Debug|Any CPU
		{B93EE082-85F1-4634-9025-DFD6B9F04EE5}.Debug|x86.ActiveCfg = Debug|Any CPU
		{B93EE082-85F1-4634-9025-DFD6B9F04EE5}.Debug|x86.Build.0 = Debug|Any CPU
		{B93EE082-85F1-4634-9025-DFD6B9F04EE5}.Release|Any CPU.ActiveCfg = Release|Any CPU
		{B93EE082-85F1-4634-9025-DFD6B9F04EE5}.Release|Any CPU.Build.0 = Release|Any CPU
		{B93EE082-85F1-4634-9025-DFD6B9F04EE5}.Release|ARM.ActiveCfg = Release|Any CPU
		{B93EE082-85F1-4634-9025-DFD6B9F04EE5}.Release|ARM.Build.0 = Release|Any CPU
		{B93EE082-85F1-4634-9025-DFD6B9F04EE5}.Release|iPhone.ActiveCfg = Release|Any CPU
		{B93EE082-85F1-4634-9025-DFD6B9F04EE5}.Release|iPhone.Build.0 = Release|Any CPU
		{B93EE082-85F1-4634-9025-DFD6B9F04EE5}.Release|iPhoneSimulator.ActiveCfg = Release|Any CPU
		{B93EE082-85F1-4634-9025-DFD6B9F04EE5}.Release|iPhoneSimulator.Build.0 = Release|Any CPU
		{B93EE082-85F1-4634-9025-DFD6B9F04EE5}.Release|x64.ActiveCfg = Release|Any CPU
		{B93EE082-85F1-4634-9025-DFD6B9F04EE5}.Release|x64.Build.0 = Release|Any CPU
		{B93EE082-85F1-4634-9025-DFD6B9F04EE5}.Release|x86.ActiveCfg = Release|Any CPU
		{B93EE082-85F1-4634-9025-DFD6B9F04EE5}.Release|x86.Build.0 = Release|Any CPU
		{D4FFBB62-D8F7-4CB2-BBF3-597A0A6326E4}.Ad-Hoc|Any CPU.ActiveCfg = Release|Any CPU
		{D4FFBB62-D8F7-4CB2-BBF3-597A0A6326E4}.Ad-Hoc|Any CPU.Build.0 = Release|Any CPU
		{D4FFBB62-D8F7-4CB2-BBF3-597A0A6326E4}.Ad-Hoc|Any CPU.Deploy.0 = Release|Any CPU
		{D4FFBB62-D8F7-4CB2-BBF3-597A0A6326E4}.Ad-Hoc|ARM.ActiveCfg = Release|Any CPU
		{D4FFBB62-D8F7-4CB2-BBF3-597A0A6326E4}.Ad-Hoc|ARM.Build.0 = Release|Any CPU
		{D4FFBB62-D8F7-4CB2-BBF3-597A0A6326E4}.Ad-Hoc|ARM.Deploy.0 = Release|Any CPU
		{D4FFBB62-D8F7-4CB2-BBF3-597A0A6326E4}.Ad-Hoc|iPhone.ActiveCfg = Release|Any CPU
		{D4FFBB62-D8F7-4CB2-BBF3-597A0A6326E4}.Ad-Hoc|iPhone.Build.0 = Release|Any CPU
		{D4FFBB62-D8F7-4CB2-BBF3-597A0A6326E4}.Ad-Hoc|iPhone.Deploy.0 = Release|Any CPU
		{D4FFBB62-D8F7-4CB2-BBF3-597A0A6326E4}.Ad-Hoc|iPhoneSimulator.ActiveCfg = Release|Any CPU
		{D4FFBB62-D8F7-4CB2-BBF3-597A0A6326E4}.Ad-Hoc|iPhoneSimulator.Build.0 = Release|Any CPU
		{D4FFBB62-D8F7-4CB2-BBF3-597A0A6326E4}.Ad-Hoc|iPhoneSimulator.Deploy.0 = Release|Any CPU
		{D4FFBB62-D8F7-4CB2-BBF3-597A0A6326E4}.Ad-Hoc|x64.ActiveCfg = Release|Any CPU
		{D4FFBB62-D8F7-4CB2-BBF3-597A0A6326E4}.Ad-Hoc|x64.Build.0 = Release|Any CPU
		{D4FFBB62-D8F7-4CB2-BBF3-597A0A6326E4}.Ad-Hoc|x64.Deploy.0 = Release|Any CPU
		{D4FFBB62-D8F7-4CB2-BBF3-597A0A6326E4}.Ad-Hoc|x86.ActiveCfg = Release|Any CPU
		{D4FFBB62-D8F7-4CB2-BBF3-597A0A6326E4}.Ad-Hoc|x86.Build.0 = Release|Any CPU
		{D4FFBB62-D8F7-4CB2-BBF3-597A0A6326E4}.Ad-Hoc|x86.Deploy.0 = Release|Any CPU
		{D4FFBB62-D8F7-4CB2-BBF3-597A0A6326E4}.AppStore|Any CPU.ActiveCfg = Release|Any CPU
		{D4FFBB62-D8F7-4CB2-BBF3-597A0A6326E4}.AppStore|Any CPU.Build.0 = Release|Any CPU
		{D4FFBB62-D8F7-4CB2-BBF3-597A0A6326E4}.AppStore|Any CPU.Deploy.0 = Release|Any CPU
		{D4FFBB62-D8F7-4CB2-BBF3-597A0A6326E4}.AppStore|ARM.ActiveCfg = Release|Any CPU
		{D4FFBB62-D8F7-4CB2-BBF3-597A0A6326E4}.AppStore|ARM.Build.0 = Release|Any CPU
		{D4FFBB62-D8F7-4CB2-BBF3-597A0A6326E4}.AppStore|ARM.Deploy.0 = Release|Any CPU
		{D4FFBB62-D8F7-4CB2-BBF3-597A0A6326E4}.AppStore|iPhone.ActiveCfg = Release|Any CPU
		{D4FFBB62-D8F7-4CB2-BBF3-597A0A6326E4}.AppStore|iPhone.Build.0 = Release|Any CPU
		{D4FFBB62-D8F7-4CB2-BBF3-597A0A6326E4}.AppStore|iPhone.Deploy.0 = Release|Any CPU
		{D4FFBB62-D8F7-4CB2-BBF3-597A0A6326E4}.AppStore|iPhoneSimulator.ActiveCfg = Release|Any CPU
		{D4FFBB62-D8F7-4CB2-BBF3-597A0A6326E4}.AppStore|iPhoneSimulator.Build.0 = Release|Any CPU
		{D4FFBB62-D8F7-4CB2-BBF3-597A0A6326E4}.AppStore|iPhoneSimulator.Deploy.0 = Release|Any CPU
		{D4FFBB62-D8F7-4CB2-BBF3-597A0A6326E4}.AppStore|x64.ActiveCfg = Release|Any CPU
		{D4FFBB62-D8F7-4CB2-BBF3-597A0A6326E4}.AppStore|x64.Build.0 = Release|Any CPU
		{D4FFBB62-D8F7-4CB2-BBF3-597A0A6326E4}.AppStore|x64.Deploy.0 = Release|Any CPU
		{D4FFBB62-D8F7-4CB2-BBF3-597A0A6326E4}.AppStore|x86.ActiveCfg = Release|Any CPU
		{D4FFBB62-D8F7-4CB2-BBF3-597A0A6326E4}.AppStore|x86.Build.0 = Release|Any CPU
		{D4FFBB62-D8F7-4CB2-BBF3-597A0A6326E4}.AppStore|x86.Deploy.0 = Release|Any CPU
		{D4FFBB62-D8F7-4CB2-BBF3-597A0A6326E4}.Debug|Any CPU.ActiveCfg = Debug|Any CPU
		{D4FFBB62-D8F7-4CB2-BBF3-597A0A6326E4}.Debug|Any CPU.Build.0 = Debug|Any CPU
		{D4FFBB62-D8F7-4CB2-BBF3-597A0A6326E4}.Debug|Any CPU.Deploy.0 = Debug|Any CPU
		{D4FFBB62-D8F7-4CB2-BBF3-597A0A6326E4}.Debug|ARM.ActiveCfg = Debug|Any CPU
		{D4FFBB62-D8F7-4CB2-BBF3-597A0A6326E4}.Debug|ARM.Build.0 = Debug|Any CPU
		{D4FFBB62-D8F7-4CB2-BBF3-597A0A6326E4}.Debug|ARM.Deploy.0 = Debug|Any CPU
		{D4FFBB62-D8F7-4CB2-BBF3-597A0A6326E4}.Debug|iPhone.ActiveCfg = Debug|Any CPU
		{D4FFBB62-D8F7-4CB2-BBF3-597A0A6326E4}.Debug|iPhone.Build.0 = Debug|Any CPU
		{D4FFBB62-D8F7-4CB2-BBF3-597A0A6326E4}.Debug|iPhone.Deploy.0 = Debug|Any CPU
		{D4FFBB62-D8F7-4CB2-BBF3-597A0A6326E4}.Debug|iPhoneSimulator.ActiveCfg = Debug|Any CPU
		{D4FFBB62-D8F7-4CB2-BBF3-597A0A6326E4}.Debug|iPhoneSimulator.Build.0 = Debug|Any CPU
		{D4FFBB62-D8F7-4CB2-BBF3-597A0A6326E4}.Debug|iPhoneSimulator.Deploy.0 = Debug|Any CPU
		{D4FFBB62-D8F7-4CB2-BBF3-597A0A6326E4}.Debug|x64.ActiveCfg = Debug|Any CPU
		{D4FFBB62-D8F7-4CB2-BBF3-597A0A6326E4}.Debug|x64.Build.0 = Debug|Any CPU
		{D4FFBB62-D8F7-4CB2-BBF3-597A0A6326E4}.Debug|x64.Deploy.0 = Debug|Any CPU
		{D4FFBB62-D8F7-4CB2-BBF3-597A0A6326E4}.Debug|x86.ActiveCfg = Debug|Any CPU
		{D4FFBB62-D8F7-4CB2-BBF3-597A0A6326E4}.Debug|x86.Build.0 = Debug|Any CPU
		{D4FFBB62-D8F7-4CB2-BBF3-597A0A6326E4}.Debug|x86.Deploy.0 = Debug|Any CPU
		{D4FFBB62-D8F7-4CB2-BBF3-597A0A6326E4}.Release|Any CPU.ActiveCfg = Release|Any CPU
		{D4FFBB62-D8F7-4CB2-BBF3-597A0A6326E4}.Release|Any CPU.Build.0 = Release|Any CPU
		{D4FFBB62-D8F7-4CB2-BBF3-597A0A6326E4}.Release|Any CPU.Deploy.0 = Release|Any CPU
		{D4FFBB62-D8F7-4CB2-BBF3-597A0A6326E4}.Release|ARM.ActiveCfg = Release|Any CPU
		{D4FFBB62-D8F7-4CB2-BBF3-597A0A6326E4}.Release|ARM.Build.0 = Release|Any CPU
		{D4FFBB62-D8F7-4CB2-BBF3-597A0A6326E4}.Release|ARM.Deploy.0 = Release|Any CPU
		{D4FFBB62-D8F7-4CB2-BBF3-597A0A6326E4}.Release|iPhone.ActiveCfg = Release|Any CPU
		{D4FFBB62-D8F7-4CB2-BBF3-597A0A6326E4}.Release|iPhone.Build.0 = Release|Any CPU
		{D4FFBB62-D8F7-4CB2-BBF3-597A0A6326E4}.Release|iPhone.Deploy.0 = Release|Any CPU
		{D4FFBB62-D8F7-4CB2-BBF3-597A0A6326E4}.Release|iPhoneSimulator.ActiveCfg = Release|Any CPU
		{D4FFBB62-D8F7-4CB2-BBF3-597A0A6326E4}.Release|iPhoneSimulator.Build.0 = Release|Any CPU
		{D4FFBB62-D8F7-4CB2-BBF3-597A0A6326E4}.Release|iPhoneSimulator.Deploy.0 = Release|Any CPU
		{D4FFBB62-D8F7-4CB2-BBF3-597A0A6326E4}.Release|x64.ActiveCfg = Release|Any CPU
		{D4FFBB62-D8F7-4CB2-BBF3-597A0A6326E4}.Release|x64.Build.0 = Release|Any CPU
		{D4FFBB62-D8F7-4CB2-BBF3-597A0A6326E4}.Release|x64.Deploy.0 = Release|Any CPU
		{D4FFBB62-D8F7-4CB2-BBF3-597A0A6326E4}.Release|x86.ActiveCfg = Release|Any CPU
		{D4FFBB62-D8F7-4CB2-BBF3-597A0A6326E4}.Release|x86.Build.0 = Release|Any CPU
		{D4FFBB62-D8F7-4CB2-BBF3-597A0A6326E4}.Release|x86.Deploy.0 = Release|Any CPU
		{D370F640-05F5-4828-8A32-9720F3DCCAC6}.Ad-Hoc|Any CPU.ActiveCfg = Ad-Hoc|iPhone
		{D370F640-05F5-4828-8A32-9720F3DCCAC6}.Ad-Hoc|ARM.ActiveCfg = Ad-Hoc|iPhone
		{D370F640-05F5-4828-8A32-9720F3DCCAC6}.Ad-Hoc|iPhone.ActiveCfg = Ad-Hoc|iPhone
		{D370F640-05F5-4828-8A32-9720F3DCCAC6}.Ad-Hoc|iPhone.Build.0 = Ad-Hoc|iPhone
		{D370F640-05F5-4828-8A32-9720F3DCCAC6}.Ad-Hoc|iPhoneSimulator.ActiveCfg = Ad-Hoc|iPhoneSimulator
		{D370F640-05F5-4828-8A32-9720F3DCCAC6}.Ad-Hoc|iPhoneSimulator.Build.0 = Ad-Hoc|iPhoneSimulator
		{D370F640-05F5-4828-8A32-9720F3DCCAC6}.Ad-Hoc|x64.ActiveCfg = Ad-Hoc|iPhone
		{D370F640-05F5-4828-8A32-9720F3DCCAC6}.Ad-Hoc|x86.ActiveCfg = Ad-Hoc|iPhone
		{D370F640-05F5-4828-8A32-9720F3DCCAC6}.AppStore|Any CPU.ActiveCfg = AppStore|iPhone
		{D370F640-05F5-4828-8A32-9720F3DCCAC6}.AppStore|ARM.ActiveCfg = AppStore|iPhone
		{D370F640-05F5-4828-8A32-9720F3DCCAC6}.AppStore|iPhone.ActiveCfg = AppStore|iPhone
		{D370F640-05F5-4828-8A32-9720F3DCCAC6}.AppStore|iPhone.Build.0 = AppStore|iPhone
		{D370F640-05F5-4828-8A32-9720F3DCCAC6}.AppStore|iPhoneSimulator.ActiveCfg = AppStore|iPhoneSimulator
		{D370F640-05F5-4828-8A32-9720F3DCCAC6}.AppStore|iPhoneSimulator.Build.0 = AppStore|iPhoneSimulator
		{D370F640-05F5-4828-8A32-9720F3DCCAC6}.AppStore|x64.ActiveCfg = AppStore|iPhone
		{D370F640-05F5-4828-8A32-9720F3DCCAC6}.AppStore|x86.ActiveCfg = AppStore|iPhone
		{D370F640-05F5-4828-8A32-9720F3DCCAC6}.Debug|Any CPU.ActiveCfg = Debug|iPhone
		{D370F640-05F5-4828-8A32-9720F3DCCAC6}.Debug|ARM.ActiveCfg = Debug|iPhone
		{D370F640-05F5-4828-8A32-9720F3DCCAC6}.Debug|iPhone.ActiveCfg = Debug|iPhone
		{D370F640-05F5-4828-8A32-9720F3DCCAC6}.Debug|iPhone.Build.0 = Debug|iPhone
		{D370F640-05F5-4828-8A32-9720F3DCCAC6}.Debug|iPhoneSimulator.ActiveCfg = Debug|iPhoneSimulator
		{D370F640-05F5-4828-8A32-9720F3DCCAC6}.Debug|iPhoneSimulator.Build.0 = Debug|iPhoneSimulator
		{D370F640-05F5-4828-8A32-9720F3DCCAC6}.Debug|x64.ActiveCfg = Debug|iPhone
		{D370F640-05F5-4828-8A32-9720F3DCCAC6}.Debug|x86.ActiveCfg = Debug|iPhone
		{D370F640-05F5-4828-8A32-9720F3DCCAC6}.Release|Any CPU.ActiveCfg = Release|iPhone
		{D370F640-05F5-4828-8A32-9720F3DCCAC6}.Release|ARM.ActiveCfg = Release|iPhone
		{D370F640-05F5-4828-8A32-9720F3DCCAC6}.Release|iPhone.ActiveCfg = Release|iPhone
		{D370F640-05F5-4828-8A32-9720F3DCCAC6}.Release|iPhone.Build.0 = Release|iPhone
		{D370F640-05F5-4828-8A32-9720F3DCCAC6}.Release|iPhoneSimulator.ActiveCfg = Release|iPhoneSimulator
		{D370F640-05F5-4828-8A32-9720F3DCCAC6}.Release|iPhoneSimulator.Build.0 = Release|iPhoneSimulator
		{D370F640-05F5-4828-8A32-9720F3DCCAC6}.Release|x64.ActiveCfg = Release|iPhone
		{D370F640-05F5-4828-8A32-9720F3DCCAC6}.Release|x86.ActiveCfg = Release|iPhone
	EndGlobalSection
	GlobalSection(SolutionProperties) = preSolution
		HideSolutionNode = FALSE
	EndGlobalSection
	GlobalSection(ExtensibilityGlobals) = postSolution
		SolutionGuid = {3E20F076-0F95-4898-980E-0845BAAFE6C1}
	EndGlobalSection
EndGlobal
